
Microsoft Visual Studio Solution File, Format Version 12.00
# Visual Studio 14
VisualStudioVersion = 14.0.25123.0
MinimumVisualStudioVersion = 10.0.40219.1
Project("{FAE04EC0-301F-11D3-BF4B-00C04F79EFBC}") = "ForFashion", "ForFashion\ForFashion.csproj", "{4B27AAF0-2A29-41A2-9979-B452E60D2FE6}"
EndProject
Project("{FAE04EC0-301F-11D3-BF4B-00C04F79EFBC}") = "BusinessObjects", "BusinessObjects\BusinessObjects.csproj", "{EC217656-2054-4292-A792-DD839605F0CD}"
EndProject
Project("{FAE04EC0-301F-11D3-BF4B-00C04F79EFBC}") = "BusinessLayer", "BusinessLayer\BusinessLayer.csproj", "{A171F316-6275-4E70-B742-DED6B5D80C3C}"
EndProject
Project("{FAE04EC0-301F-11D3-BF4B-00C04F79EFBC}") = "DataLayer", "DataLayer\DataLayer.csproj", "{38D5C4DE-3758-403C-B26E-28A803FE36C9}"
EndProject
Project("{FAE04EC0-301F-11D3-BF4B-00C04F79EFBC}") = "Abstracts", "Abstracts\Abstracts.csproj", "{E9A829A6-85B6-4152-891F-AF7C5EE27C80}"
EndProject
Project("{FAE04EC0-301F-11D3-BF4B-00C04F79EFBC}") = "ScreenCapture", "ScreenCapture\ScreenCapture.csproj", "{8DF0DED9-CB66-4F25-BEF6-118274116117}"
EndProject
Global
	GlobalSection(SolutionConfigurationPlatforms) = preSolution
		Debug|Any CPU = Debug|Any CPU
		Release|Any CPU = Release|Any CPU
	EndGlobalSection
	GlobalSection(ProjectConfigurationPlatforms) = postSolution
		{4B27AAF0-2A29-41A2-9979-B452E60D2FE6}.Debug|Any CPU.ActiveCfg = Debug|Any CPU
		{4B27AAF0-2A29-41A2-9979-B452E60D2FE6}.Debug|Any CPU.Build.0 = Debug|Any CPU
		{4B27AAF0-2A29-41A2-9979-B452E60D2FE6}.Release|Any CPU.ActiveCfg = Release|Any CPU
		{4B27AAF0-2A29-41A2-9979-B452E60D2FE6}.Release|Any CPU.Build.0 = Release|Any CPU
		{EC217656-2054-4292-A792-DD839605F0CD}.Debug|Any CPU.ActiveCfg = Debug|Any CPU
		{EC217656-2054-4292-A792-DD839605F0CD}.Debug|Any CPU.Build.0 = Debug|Any CPU
		{EC217656-2054-4292-A792-DD839605F0CD}.Release|Any CPU.ActiveCfg = Release|Any CPU
		{EC217656-2054-4292-A792-DD839605F0CD}.Release|Any CPU.Build.0 = Release|Any CPU
		{A171F316-6275-4E70-B742-DED6B5D80C3C}.Debug|Any CPU.ActiveCfg = Debug|Any CPU
		{A171F316-6275-4E70-B742-DED6B5D80C3C}.Debug|Any CPU.Build.0 = Debug|Any CPU
		{A171F316-6275-4E70-B742-DED6B5D80C3C}.Release|Any CPU.ActiveCfg = Release|Any CPU
		{A171F316-6275-4E70-B742-DED6B5D80C3C}.Release|Any CPU.Build.0 = Release|Any CPU
		{38D5C4DE-3758-403C-B26E-28A803FE36C9}.Debug|Any CPU.ActiveCfg = Debug|Any CPU
		{38D5C4DE-3758-403C-B26E-28A803FE36C9}.Debug|Any CPU.Build.0 = Debug|Any CPU
		{38D5C4DE-3758-403C-B26E-28A803FE36C9}.Release|Any CPU.ActiveCfg = Release|Any CPU
		{38D5C4DE-3758-403C-B26E-28A803FE36C9}.Release|Any CPU.Build.0 = Release|Any CPU
		{E9A829A6-85B6-4152-891F-AF7C5EE27C80}.Debug|Any CPU.ActiveCfg = Debug|Any CPU
		{E9A829A6-85B6-4152-891F-AF7C5EE27C80}.Debug|Any CPU.Build.0 = Debug|Any CPU
		{E9A829A6-85B6-4152-891F-AF7C5EE27C80}.Release|Any CPU.ActiveCfg = Release|Any CPU
		{E9A829A6-85B6-4152-891F-AF7C5EE27C80}.Release|Any CPU.Build.0 = Release|Any CPU
		{8DF0DED9-CB66-4F25-BEF6-118274116117}.Debug|Any CPU.ActiveCfg = Debug|Any CPU
		{8DF0DED9-CB66-4F25-BEF6-118274116117}.Debug|Any CPU.Build.0 = Debug|Any CPU
		{8DF0DED9-CB66-4F25-BEF6-118274116117}.Release|Any CPU.ActiveCfg = Release|Any CPU
		{8DF0DED9-CB66-4F25-BEF6-118274116117}.Release|Any CPU.Build.0 = Release|Any CPU
	EndGlobalSection
	GlobalSection(SolutionProperties) = preSolution
		HideSolutionNode = FALSE
	EndGlobalSection
EndGlobal
